// !$*UTF8*$!
{
	archiveVersion = 1;
	classes = {
	};
	objectVersion = 46;
	objects = {

/* Begin PBXBuildFile section */
		35260CF41EE65196001B31A1 /* BaseViewController.swift in Sources */ = {isa = PBXBuildFile; fileRef = 35260CF31EE65196001B31A1 /* BaseViewController.swift */; };
		35260CF61EE651B8001B31A1 /* HomeViewController.swift in Sources */ = {isa = PBXBuildFile; fileRef = 35260CF51EE651B8001B31A1 /* HomeViewController.swift */; };
		35260CF81EE651FF001B31A1 /* BusinessViewController.swift in Sources */ = {isa = PBXBuildFile; fileRef = 35260CF71EE651FF001B31A1 /* BusinessViewController.swift */; };
		35260CFA1EE65215001B31A1 /* FindViewController.swift in Sources */ = {isa = PBXBuildFile; fileRef = 35260CF91EE65215001B31A1 /* FindViewController.swift */; };
		35260CFC1EE65248001B31A1 /* MyViewController.swift in Sources */ = {isa = PBXBuildFile; fileRef = 35260CFB1EE65248001B31A1 /* MyViewController.swift */; };
		35260CFE1EE65C75001B31A1 /* JXTabBarController.swift in Sources */ = {isa = PBXBuildFile; fileRef = 35260CFD1EE65C75001B31A1 /* JXTabBarController.swift */; };
		35260D001EE65C9F001B31A1 /* JXNavigationController.swift in Sources */ = {isa = PBXBuildFile; fileRef = 35260CFF1EE65C9F001B31A1 /* JXNavigationController.swift */; };
		354683181EE64B920061A7FD /* AppDelegate.swift in Sources */ = {isa = PBXBuildFile; fileRef = 354683171EE64B920061A7FD /* AppDelegate.swift */; };
		3546831F1EE64B920061A7FD /* Assets.xcassets in Resources */ = {isa = PBXBuildFile; fileRef = 3546831E1EE64B920061A7FD /* Assets.xcassets */; };
/* End PBXBuildFile section */

/* Begin PBXFileReference section */
		35260CF31EE65196001B31A1 /* BaseViewController.swift */ = {isa = PBXFileReference; fileEncoding = 4; lastKnownFileType = sourcecode.swift; path = BaseViewController.swift; sourceTree = "<group>"; };
		35260CF51EE651B8001B31A1 /* HomeViewController.swift */ = {isa = PBXFileReference; fileEncoding = 4; lastKnownFileType = sourcecode.swift; path = HomeViewController.swift; sourceTree = "<group>"; };
		35260CF71EE651FF001B31A1 /* BusinessViewController.swift */ = {isa = PBXFileReference; fileEncoding = 4; lastKnownFileType = sourcecode.swift; path = BusinessViewController.swift; sourceTree = "<group>"; };
		35260CF91EE65215001B31A1 /* FindViewController.swift */ = {isa = PBXFileReference; fileEncoding = 4; lastKnownFileType = sourcecode.swift; path = FindViewController.swift; sourceTree = "<group>"; };
		35260CFB1EE65248001B31A1 /* MyViewController.swift */ = {isa = PBXFileReference; fileEncoding = 4; lastKnownFileType = sourcecode.swift; path = MyViewController.swift; sourceTree = "<group>"; };
		35260CFD1EE65C75001B31A1 /* JXTabBarController.swift */ = {isa = PBXFileReference; fileEncoding = 4; lastKnownFileType = sourcecode.swift; path = JXTabBarController.swift; sourceTree = "<group>"; };
		35260CFF1EE65C9F001B31A1 /* JXNavigationController.swift */ = {isa = PBXFileReference; fileEncoding = 4; lastKnownFileType = sourcecode.swift; path = JXNavigationController.swift; sourceTree = "<group>"; };
		354683141EE64B920061A7FD /* ShoppingGo-Swift.app */ = {isa = PBXFileReference; explicitFileType = wrapper.application; includeInIndex = 0; path = "ShoppingGo-Swift.app"; sourceTree = BUILT_PRODUCTS_DIR; };
		354683171EE64B920061A7FD /* AppDelegate.swift */ = {isa = PBXFileReference; lastKnownFileType = sourcecode.swift; path = AppDelegate.swift; sourceTree = "<group>"; };
		3546831E1EE64B920061A7FD /* Assets.xcassets */ = {isa = PBXFileReference; lastKnownFileType = folder.assetcatalog; path = Assets.xcassets; sourceTree = "<group>"; };
		354683231EE64B920061A7FD /* Info.plist */ = {isa = PBXFileReference; lastKnownFileType = text.plist.xml; path = Info.plist; sourceTree = "<group>"; };
/* End PBXFileReference section */

/* Begin PBXFrameworksBuildPhase section */
		354683111EE64B920061A7FD /* Frameworks */ = {
			isa = PBXFrameworksBuildPhase;
			buildActionMask = 2147483647;
			files = (
			);
			runOnlyForDeploymentPostprocessing = 0;
		};
/* End PBXFrameworksBuildPhase section */

/* Begin PBXGroup section */
		3546830B1EE64B920061A7FD = {
			isa = PBXGroup;
			children = (
				354683161EE64B920061A7FD /* ShoppingGo-Swift */,
				354683151EE64B920061A7FD /* Products */,
			);
			sourceTree = "<group>";
		};
		354683151EE64B920061A7FD /* Products */ = {
			isa = PBXGroup;
			children = (
				354683141EE64B920061A7FD /* ShoppingGo-Swift.app */,
			);
			name = Products;
			sourceTree = "<group>";
		};
		354683161EE64B920061A7FD /* ShoppingGo-Swift */ = {
			isa = PBXGroup;
			children = (
				3546832D1EE64FE70061A7FD /* Main */,
				354683291EE64DBC0061A7FD /* Basic */,
				354683171EE64B920061A7FD /* AppDelegate.swift */,
				35260CFD1EE65C75001B31A1 /* JXTabBarController.swift */,
				35260CFF1EE65C9F001B31A1 /* JXNavigationController.swift */,
				3546831E1EE64B920061A7FD /* Assets.xcassets */,
				354683231EE64B920061A7FD /* Info.plist */,
			);
			path = "ShoppingGo-Swift";
			sourceTree = "<group>";
		};
		354683291EE64DBC0061A7FD /* Basic */ = {
			isa = PBXGroup;
			children = (
				3546832A1EE64DBC0061A7FD /* Model */,
				3546832B1EE64DBC0061A7FD /* View */,
				3546832C1EE64DBC0061A7FD /* ViewController */,
			);
			path = Basic;
			sourceTree = "<group>";
		};
		3546832A1EE64DBC0061A7FD /* Model */ = {
			isa = PBXGroup;
			children = (
			);
			path = Model;
			sourceTree = "<group>";
		};
		3546832B1EE64DBC0061A7FD /* View */ = {
			isa = PBXGroup;
			children = (
			);
			path = View;
			sourceTree = "<group>";
		};
		3546832C1EE64DBC0061A7FD /* ViewController */ = {
			isa = PBXGroup;
			children = (
				35260CF31EE65196001B31A1 /* BaseViewController.swift */,
			);
			path = ViewController;
			sourceTree = "<group>";
		};
		3546832D1EE64FE70061A7FD /* Main */ = {
			isa = PBXGroup;
			children = (
				35260CF51EE651B8001B31A1 /* HomeViewController.swift */,
				35260CF71EE651FF001B31A1 /* BusinessViewController.swift */,
				35260CF91EE65215001B31A1 /* FindViewController.swift */,
				35260CFB1EE65248001B31A1 /* MyViewController.swift */,
			);
			path = Main;
			sourceTree = "<group>";
		};
/* End PBXGroup section */

/* Begin PBXNativeTarget section */
		354683131EE64B920061A7FD /* ShoppingGo-Swift */ = {
			isa = PBXNativeTarget;
			buildConfigurationList = 354683261EE64B920061A7FD /* Build configuration list for PBXNativeTarget "ShoppingGo-Swift" */;
			buildPhases = (
				354683101EE64B920061A7FD /* Sources */,
				354683111EE64B920061A7FD /* Frameworks */,
				354683121EE64B920061A7FD /* Resources */,
			);
			buildRules = (
			);
			dependencies = (
			);
			name = "ShoppingGo-Swift";
			productName = "ShoppingGo-Swift";
			productReference = 354683141EE64B920061A7FD /* ShoppingGo-Swift.app */;
			productType = "com.apple.product-type.application";
		};
/* End PBXNativeTarget section */

/* Begin PBXProject section */
		3546830C1EE64B920061A7FD /* Project object */ = {
			isa = PBXProject;
			attributes = {
				CLASSPREFIX = JX;
				LastSwiftUpdateCheck = 0830;
				LastUpgradeCheck = 0830;
				ORGANIZATIONNAME = "杜进新";
				TargetAttributes = {
					354683131EE64B920061A7FD = {
						CreatedOnToolsVersion = 8.3.2;
						ProvisioningStyle = Automatic;
					};
				};
			};
			buildConfigurationList = 3546830F1EE64B920061A7FD /* Build configuration list for PBXProject "ShoppingGo-Swift" */;
			compatibilityVersion = "Xcode 3.2";
			developmentRegion = English;
			hasScannedForEncodings = 0;
			knownRegions = (
				en,
				Base,
			);
			mainGroup = 3546830B1EE64B920061A7FD;
			productRefGroup = 354683151EE64B920061A7FD /* Products */;
			projectDirPath = "";
			projectRoot = "";
			targets = (
				354683131EE64B920061A7FD /* ShoppingGo-Swift */,
			);
		};
/* End PBXProject section */

/* Begin PBXResourcesBuildPhase section */
		354683121EE64B920061A7FD /* Resources */ = {
			isa = PBXResourcesBuildPhase;
			buildActionMask = 2147483647;
			files = (
				3546831F1EE64B920061A7FD /* Assets.xcassets in Resources */,
			);
			runOnlyForDeploymentPostprocessing = 0;
		};
/* End PBXResourcesBuildPhase section */

/* Begin PBXSourcesBuildPhase section */
		354683101EE64B920061A7FD /* Sources */ = {
			isa = PBXSourcesBuildPhase;
			buildActionMask = 2147483647;
			files = (
				354683181EE64B920061A7FD /* AppDelegate.swift in Sources */,
				35260CF41EE65196001B31A1 /* BaseViewController.swift in Sources */,
				35260CFC1EE65248001B31A1 /* MyViewController.swift in Sources */,
				35260D001EE65C9F001B31A1 /* JXNavigationController.swift in Sources */,
				35260CFE1EE65C75001B31A1 /* JXTabBarController.swift in Sources */,
				35260CF81EE651FF001B31A1 /* BusinessViewController.swift in Sources */,
				35260CF61EE651B8001B31A1 /* HomeViewController.swift in Sources */,
				35260CFA1EE65215001B31A1 /* FindViewController.swift in Sources */,
			);
			runOnlyForDeploymentPostprocessing = 0;
		};
/* End PBXSourcesBuildPhase section */

/* Begin XCBuildConfiguration section */
		354683241EE64B920061A7FD /* Debug */ = {
			isa = XCBuildConfiguration;
			buildSettings = {
				ALWAYS_SEARCH_USER_PATHS = NO;
				CLANG_ANALYZER_NONNULL = YES;
				CLANG_ANALYZER_NUMBER_OBJECT_CONVERSION = YES_AGGRESSIVE;
				CLANG_CXX_LANGUAGE_STANDARD = "gnu++0x";
				CLANG_CXX_LIBRARY = "libc++";
				CLANG_ENABLE_MODULES = YES;
				CLANG_ENABLE_OBJC_ARC = YES;
				CLANG_WARN_BOOL_CONVERSION = YES;
				CLANG_WARN_CONSTANT_CONVERSION = YES;
				CLANG_WARN_DIRECT_OBJC_ISA_USAGE = YES_ERROR;
				CLANG_WARN_DOCUMENTATION_COMMENTS = YES;
				CLANG_WARN_EMPTY_BODY = YES;
				CLANG_WARN_ENUM_CONVERSION = YES;
				CLANG_WARN_INFINITE_RECURSION = YES;
				CLANG_WARN_INT_CONVERSION = YES;
				CLANG_WARN_OBJC_ROOT_CLASS = YES_ERROR;
				CLANG_WARN_SUSPICIOUS_MOVE = YES;
				CLANG_WARN_UNREACHABLE_CODE = YES;
				CLANG_WARN__DUPLICATE_METHOD_MATCH = YES;
				"CODE_SIGN_IDENTITY[sdk=iphoneos*]" = "iPhone Developer";
				COPY_PHASE_STRIP = NO;
				DEBUG_INFORMATION_FORMAT = dwarf;
				ENABLE_STRICT_OBJC_MSGSEND = YES;
				ENABLE_TESTABILITY = YES;
				GCC_C_LANGUAGE_STANDARD = gnu99;
				GCC_DYNAMIC_NO_PIC = NO;
				GCC_NO_COMMON_BLOCKS = YES;
				GCC_OPTIMIZATION_LEVEL = 0;
				GCC_PREPROCESSOR_DEFINITIONS = (
					"DEBUG=1",
					"$(inherited)",
				);
				GCC_WARN_64_TO_32_BIT_CONVERSION = YES;
				GCC_WARN_ABOUT_RETURN_TYPE = YES_ERROR;
				GCC_WARN_UNDECLARED_SELECTOR = YES;
				GCC_WARN_UNINITIALIZED_AUTOS = YES_AGGRESSIVE;
				GCC_WARN_UNUSED_FUNCTION = YES;
				GCC_WARN_UNUSED_VARIABLE = YES;
				IPHONEOS_DEPLOYMENT_TARGET = 10.3;
				MTL_ENABLE_DEBUG_INFO = YES;
				ONLY_ACTIVE_ARCH = YES;
				SDKROOT = iphoneos;
				SWIFT_ACTIVE_COMPILATION_CONDITIONS = DEBUG;
				SWIFT_OPTIMIZATION_LEVEL = "-Onone";
			};
			name = Debug;
		};
		354683251EE64B920061A7FD /* Release */ = {
			isa = XCBuildConfiguration;
			buildSettings = {
				ALWAYS_SEARCH_USER_PATHS = NO;
				CLANG_ANALYZER_NONNULL = YES;
				CLANG_ANALYZER_NUMBER_OBJECT_CONVERSION = YES_AGGRESSIVE;
				CLANG_CXX_LANGUAGE_STANDARD = "gnu++0x";
				CLANG_CXX_LIBRARY = "libc++";
				CLANG_ENABLE_MODULES = YES;
				CLANG_ENABLE_OBJC_ARC = YES;
				CLANG_WARN_BOOL_CONVERSION = YES;
				CLANG_WARN_CONSTANT_CONVERSION = YES;
				CLANG_WARN_DIRECT_OBJC_ISA_USAGE = YES_ERROR;
				CLANG_WARN_DOCUMENTATION_COMMENTS = YES;
				CLANG_WARN_EMPTY_BODY = YES;
				CLANG_WARN_ENUM_CONVERSION = YES;
				CLANG_WARN_INFINITE_RECURSION = YES;
				CLANG_WARN_INT_CONVERSION = YES;
				CLANG_WARN_OBJC_ROOT_CLASS = YES_ERROR;
				CLANG_WARN_SUSPICIOUS_MOVE = YES;
				CLANG_WARN_UNREACHABLE_CODE = YES;
				CLANG_WARN__DUPLICATE_METHOD_MATCH = YES;
				"CODE_SIGN_IDENTITY[sdk=iphoneos*]" = "iPhone Developer";
				COPY_PHASE_STRIP = NO;
				DEBUG_INFORMATION_FORMAT = "dwarf-with-dsym";
				ENABLE_NS_ASSERTIONS = NO;
				ENABLE_STRICT_OBJC_MSGSEND = YES;
				GCC_C_LANGUAGE_STANDARD = gnu99;
				GCC_NO_COMMON_BLOCKS = YES;
				GCC_WARN_64_TO_32_BIT_CONVERSION = YES;
				GCC_WARN_ABOUT_RETURN_TYPE = YES_ERROR;
				GCC_WARN_UNDECLARED_SELECTOR = YES;
				GCC_WARN_UNINITIALIZED_AUTOS = YES_AGGRESSIVE;
				GCC_WARN_UNUSED_FUNCTION = YES;
				GCC_WARN_UNUSED_VARIABLE = YES;
				IPHONEOS_DEPLOYMENT_TARGET = 10.3;
				MTL_ENABLE_DEBUG_INFO = NO;
				SDKROOT = iphoneos;
				SWIFT_OPTIMIZATION_LEVEL = "-Owholemodule";
				VALIDATE_PRODUCT = YES;
			};
			name = Release;
		};
		354683271EE64B920061A7FD /* Debug */ = {
			isa = XCBuildConfiguration;
			buildSettings = {
				ASSETCATALOG_COMPILER_APPICON_NAME = AppIcon;
				ASSETCATALOG_COMPILER_LAUNCHIMAGE_NAME = LaunchImage;
				INFOPLIST_FILE = "ShoppingGo-Swift/Info.plist";
				LD_RUNPATH_SEARCH_PATHS = "$(inherited) @executable_path/Frameworks";
				PRODUCT_BUNDLE_IDENTIFIER = "MySelf.ShoppingGo-Swift";
				PRODUCT_NAME = "$(TARGET_NAME)";
				SWIFT_VERSION = 3.0;
			};
			name = Debug;
		};
		354683281EE64B920061A7FD /* Release */ = {
			isa = XCBuildConfiguration;
			buildSettings = {
				ASSETCATALOG_COMPILER_APPICON_NAME = AppIcon;
				ASSETCATALOG_COMPILER_LAUNCHIMAGE_NAME = LaunchImage;
				INFOPLIST_FILE = "ShoppingGo-Swift/Info.plist";
				LD_RUNPATH_SEARCH_PATHS = "$(inherited) @executable_path/Frameworks";
				PRODUCT_BUNDLE_IDENTIFIER = "MySelf.ShoppingGo-Swift";
				PRODUCT_NAME = "$(TARGET_NAME)";
				SWIFT_VERSION = 3.0;
			};
			name = Release;
		};
/* End XCBuildConfiguration section */

/* Begin XCConfigurationList section */
		3546830F1EE64B920061A7FD /* Build configuration list for PBXProject "ShoppingGo-Swift" */ = {
			isa = XCConfigurationList;
			buildConfigurations = (
				354683241EE64B920061A7FD /* Debug */,
				354683251EE64B920061A7FD /* Release */,
			);
			defaultConfigurationIsVisible = 0;
			defaultConfigurationName = Release;
		};
		354683261EE64B920061A7FD /* Build configuration list for PBXNativeTarget "ShoppingGo-Swift" */ = {
			isa = XCConfigurationList;
			buildConfigurations = (
				354683271EE64B920061A7FD /* Debug */,
				354683281EE64B920061A7FD /* Release */,
			);
			defaultConfigurationIsVisible = 0;
			defaultConfigurationName = Release;
		};
/* End XCConfigurationList section */
	};
	rootObject = 3546830C1EE64B920061A7FD /* Project object */;
}
