// !$*UTF8*$!
{
	archiveVersion = 1;
	classes = {
	};
	objectVersion = 46;
	objects = {

/* Begin PBXBuildFile section */
		2CE2BBEE9D969C72D5CCFD28 /* Pods_ShoppingGo.framework in Frameworks */ = {isa = PBXBuildFile; fileRef = F07534B2E8D83D4B13ADC460 /* Pods_ShoppingGo.framework */; };
		351296EF1F9990A5003A08F2 /* JXNavigationBar.swift in Sources */ = {isa = PBXBuildFile; fileRef = 351296EE1F9990A5003A08F2 /* JXNavigationBar.swift */; };
		3514D65B1F187117001744DD /* UIViewController+Extension.swift in Sources */ = {isa = PBXBuildFile; fileRef = 3514D65A1F187117001744DD /* UIViewController+Extension.swift */; };
		3514D6801F1D9E17001744DD /* Localizable.strings in Resources */ = {isa = PBXBuildFile; fileRef = 3514D6821F1D9E17001744DD /* Localizable.strings */; };
		3514D6861F1DADA9001744DD /* LanguageManager.swift in Sources */ = {isa = PBXBuildFile; fileRef = 3514D6851F1DADA9001744DD /* LanguageManager.swift */; };
		3514D7201F1F0C21001744DD /* UIImageView+Extension.swift in Sources */ = {isa = PBXBuildFile; fileRef = 3514D71F1F1F0C21001744DD /* UIImageView+Extension.swift */; };
		3514D72B1F204DCC001744DD /* JXLoginViewController.swift in Sources */ = {isa = PBXBuildFile; fileRef = 3514D7281F204DCC001744DD /* JXLoginViewController.swift */; };
		3514D72C1F204DCC001744DD /* JXBezierViewController.swift in Sources */ = {isa = PBXBuildFile; fileRef = 3514D72A1F204DCC001744DD /* JXBezierViewController.swift */; };
		3514D72F1F204E59001744DD /* JXNavigationController.swift in Sources */ = {isa = PBXBuildFile; fileRef = 3514D72D1F204E59001744DD /* JXNavigationController.swift */; };
		3514D7301F204E59001744DD /* JXTabBarController.swift in Sources */ = {isa = PBXBuildFile; fileRef = 3514D72E1F204E59001744DD /* JXTabBarController.swift */; };
		351DD3051F14E1AE00E90170 /* String+Extension.swift in Sources */ = {isa = PBXBuildFile; fileRef = 351DD2F81F14E1AE00E90170 /* String+Extension.swift */; };
		351DD3061F14E1AE00E90170 /* UIBarButtonItem+Extension.swift in Sources */ = {isa = PBXBuildFile; fileRef = 351DD2F91F14E1AE00E90170 /* UIBarButtonItem+Extension.swift */; };
		351DD3071F14E1AE00E90170 /* UIColor+Extension.swift in Sources */ = {isa = PBXBuildFile; fileRef = 351DD2FA1F14E1AE00E90170 /* UIColor+Extension.swift */; };
		351DD3081F14E1AE00E90170 /* UIImage+Extension.swift in Sources */ = {isa = PBXBuildFile; fileRef = 351DD2FB1F14E1AE00E90170 /* UIImage+Extension.swift */; };
		351DD3091F14E1AE00E90170 /* UIScreen+Extension.swift in Sources */ = {isa = PBXBuildFile; fileRef = 351DD2FC1F14E1AE00E90170 /* UIScreen+Extension.swift */; };
		351DD30A1F14E1AE00E90170 /* UIView+Extension.swift in Sources */ = {isa = PBXBuildFile; fileRef = 351DD2FD1F14E1AE00E90170 /* UIView+Extension.swift */; };
		351DD30B1F14E1AE00E90170 /* JXAlertView.swift in Sources */ = {isa = PBXBuildFile; fileRef = 351DD2FF1F14E1AE00E90170 /* JXAlertView.swift */; };
		351DD30C1F14E1AE00E90170 /* JXHorizontalView.swift in Sources */ = {isa = PBXBuildFile; fileRef = 351DD3001F14E1AE00E90170 /* JXHorizontalView.swift */; };
		351DD30D1F14E1AE00E90170 /* JXNoticeView.swift in Sources */ = {isa = PBXBuildFile; fileRef = 351DD3011F14E1AE00E90170 /* JXNoticeView.swift */; };
		351DD30F1F14E1AE00E90170 /* JXSelectView.swift in Sources */ = {isa = PBXBuildFile; fileRef = 351DD3031F14E1AE00E90170 /* JXSelectView.swift */; };
		351DD3101F14E1AE00E90170 /* JXTopBarView.swift in Sources */ = {isa = PBXBuildFile; fileRef = 351DD3041F14E1AE00E90170 /* JXTopBarView.swift */; };
		351DD3151F14E70200E90170 /* ConstantHeader.swift in Sources */ = {isa = PBXBuildFile; fileRef = 351DD3111F14E70200E90170 /* ConstantHeader.swift */; };
		351DD3161F14E70200E90170 /* NotificationEnum.swift in Sources */ = {isa = PBXBuildFile; fileRef = 351DD3121F14E70200E90170 /* NotificationEnum.swift */; };
		351DD3171F14E70200E90170 /* ProjectHeader.swift in Sources */ = {isa = PBXBuildFile; fileRef = 351DD3131F14E70200E90170 /* ProjectHeader.swift */; };
		351DD31F1F161A7E00E90170 /* JXPhotoBrowserController.swift in Sources */ = {isa = PBXBuildFile; fileRef = 351DD31E1F161A7E00E90170 /* JXPhotoBrowserController.swift */; };
		351DD3231F1634B100E90170 /* JXGuideView.swift in Sources */ = {isa = PBXBuildFile; fileRef = 351DD3221F1634B100E90170 /* JXGuideView.swift */; };
		351DD3251F17104B00E90170 /* Bundle+Extension.swift in Sources */ = {isa = PBXBuildFile; fileRef = 351DD3241F17104B00E90170 /* Bundle+Extension.swift */; };
		351DD3271F171F0C00E90170 /* JXAdvertiseView.swift in Sources */ = {isa = PBXBuildFile; fileRef = 351DD3261F171F0C00E90170 /* JXAdvertiseView.swift */; };
		351DD3291F1756F400E90170 /* JXUIWebViewController.swift in Sources */ = {isa = PBXBuildFile; fileRef = 351DD3281F1756F400E90170 /* JXUIWebViewController.swift */; };
		351DD32B1F17602300E90170 /* JXWkWebViewController.swift in Sources */ = {isa = PBXBuildFile; fileRef = 351DD32A1F17602300E90170 /* JXWkWebViewController.swift */; };
		35260D2C1EE696EF001B31A1 /* AppDelegate.swift in Sources */ = {isa = PBXBuildFile; fileRef = 35260D2B1EE696EF001B31A1 /* AppDelegate.swift */; };
		35260D2E1EE696EF001B31A1 /* ViewController.swift in Sources */ = {isa = PBXBuildFile; fileRef = 35260D2D1EE696EF001B31A1 /* ViewController.swift */; };
		35260D331EE696EF001B31A1 /* Assets.xcassets in Resources */ = {isa = PBXBuildFile; fileRef = 35260D321EE696EF001B31A1 /* Assets.xcassets */; };
		35260D491EE697AD001B31A1 /* JXBaseViewController.swift in Sources */ = {isa = PBXBuildFile; fileRef = 35260D411EE697AD001B31A1 /* JXBaseViewController.swift */; };
		35260D4C1EE697AD001B31A1 /* BusinessViewController.swift in Sources */ = {isa = PBXBuildFile; fileRef = 35260D451EE697AD001B31A1 /* BusinessViewController.swift */; };
		35260D4D1EE697AD001B31A1 /* FindViewController.swift in Sources */ = {isa = PBXBuildFile; fileRef = 35260D461EE697AD001B31A1 /* FindViewController.swift */; };
		35260D4E1EE697AD001B31A1 /* HomeViewController.swift in Sources */ = {isa = PBXBuildFile; fileRef = 35260D471EE697AD001B31A1 /* HomeViewController.swift */; };
		35260D4F1EE697AD001B31A1 /* MyViewController.swift in Sources */ = {isa = PBXBuildFile; fileRef = 35260D481EE697AD001B31A1 /* MyViewController.swift */; };
		355947A51F2B2836008145BB /* JXDrawViewController.swift in Sources */ = {isa = PBXBuildFile; fileRef = 355947A41F2B2836008145BB /* JXDrawViewController.swift */; };
		355947A71F2B38C5008145BB /* JXUIKitViewController.swift in Sources */ = {isa = PBXBuildFile; fileRef = 355947A61F2B38C5008145BB /* JXUIKitViewController.swift */; };
		355947AA1F2B3A74008145BB /* JXBezierView.swift in Sources */ = {isa = PBXBuildFile; fileRef = 355947A91F2B3A74008145BB /* JXBezierView.swift */; };
		355947AC1F2B3A95008145BB /* JXImageView.swift in Sources */ = {isa = PBXBuildFile; fileRef = 355947AB1F2B3A95008145BB /* JXImageView.swift */; };
		355947AE1F2B4C45008145BB /* JXStringView.swift in Sources */ = {isa = PBXBuildFile; fileRef = 355947AD1F2B4C45008145BB /* JXStringView.swift */; };
		355948221F3415AD008145BB /* MBProgressHUD+Addition.swift in Sources */ = {isa = PBXBuildFile; fileRef = 355948211F3415AD008145BB /* MBProgressHUD+Addition.swift */; };
		355948241F3415CF008145BB /* SDWebImage+Addition.swift in Sources */ = {isa = PBXBuildFile; fileRef = 355948231F3415CF008145BB /* SDWebImage+Addition.swift */; };
		355948261F3455C9008145BB /* JXViewManager.swift in Sources */ = {isa = PBXBuildFile; fileRef = 355948251F3455C9008145BB /* JXViewManager.swift */; };
		355948281F346751008145BB /* JXColorView.swift in Sources */ = {isa = PBXBuildFile; fileRef = 355948271F346751008145BB /* JXColorView.swift */; };
		3559482A1F347701008145BB /* JXPlaceHolderTextView.swift in Sources */ = {isa = PBXBuildFile; fileRef = 355948291F347701008145BB /* JXPlaceHolderTextView.swift */; };
		3559482C1F34782E008145BB /* JXSettingViewController.swift in Sources */ = {isa = PBXBuildFile; fileRef = 3559482B1F34782E008145BB /* JXSettingViewController.swift */; };
		355948591F3BF9F5008145BB /* JXFeedbackViewController.swift in Sources */ = {isa = PBXBuildFile; fileRef = 355948581F3BF9F5008145BB /* JXFeedbackViewController.swift */; };
		3559485F1F3BFEE6008145BB /* JXAddressListController.swift in Sources */ = {isa = PBXBuildFile; fileRef = 3559485E1F3BFEE6008145BB /* JXAddressListController.swift */; };
		355948621F3C00B4008145BB /* JXAddressCell.swift in Sources */ = {isa = PBXBuildFile; fileRef = 355948601F3C00B4008145BB /* JXAddressCell.swift */; };
		355948631F3C00B4008145BB /* JXAddressCell.xib in Resources */ = {isa = PBXBuildFile; fileRef = 355948611F3C00B4008145BB /* JXAddressCell.xib */; };
		355948651F3C0CF2008145BB /* JXAddressEntity.swift in Sources */ = {isa = PBXBuildFile; fileRef = 355948641F3C0CF2008145BB /* JXAddressEntity.swift */; };
		355948671F3C2082008145BB /* JXEditAddressController.swift in Sources */ = {isa = PBXBuildFile; fileRef = 355948661F3C2082008145BB /* JXEditAddressController.swift */; };
		355948731F3C6C28008145BB /* JXAdditionView.swift in Sources */ = {isa = PBXBuildFile; fileRef = 355948721F3C6C28008145BB /* JXAdditionView.swift */; };
		3597502B1EE793A300419474 /* JXTableViewController.swift in Sources */ = {isa = PBXBuildFile; fileRef = 3597502A1EE793A300419474 /* JXTableViewController.swift */; };
		359750561EE7FB6E00419474 /* JXDefaultView.swift in Sources */ = {isa = PBXBuildFile; fileRef = 359750551EE7FB6E00419474 /* JXDefaultView.swift */; };
		3597505C1EEA9FF500419474 /* ApiEnum.swift in Sources */ = {isa = PBXBuildFile; fileRef = 3597505B1EEA9FF500419474 /* ApiEnum.swift */; };
		35BF038C1F42CD08004A77E9 /* DBManager.swift in Sources */ = {isa = PBXBuildFile; fileRef = 35BF038B1F42CD08004A77E9 /* DBManager.swift */; };
		35BF038E1F4421FC004A77E9 /* JXDBListViewController.swift in Sources */ = {isa = PBXBuildFile; fileRef = 35BF038D1F4421FC004A77E9 /* JXDBListViewController.swift */; };
		35BF03911F442221004A77E9 /* JXDBListCell.swift in Sources */ = {isa = PBXBuildFile; fileRef = 35BF038F1F442221004A77E9 /* JXDBListCell.swift */; };
		35BF03921F442221004A77E9 /* JXDBListCell.xib in Resources */ = {isa = PBXBuildFile; fileRef = 35BF03901F442221004A77E9 /* JXDBListCell.xib */; };
		35BF03941F442CB8004A77E9 /* JXEditDBUserController.swift in Sources */ = {isa = PBXBuildFile; fileRef = 35BF03931F442CB8004A77E9 /* JXEditDBUserController.swift */; };
		35BF03961F45A364004A77E9 /* JXUserInfoViewController.swift in Sources */ = {isa = PBXBuildFile; fileRef = 35BF03951F45A364004A77E9 /* JXUserInfoViewController.swift */; };
		35BF039B1F468C89004A77E9 /* JXBaseDB.swift in Sources */ = {isa = PBXBuildFile; fileRef = 35BF03991F468C89004A77E9 /* JXBaseDB.swift */; };
		35BF039C1F468C89004A77E9 /* JXUserDB.swift in Sources */ = {isa = PBXBuildFile; fileRef = 35BF039A1F468C89004A77E9 /* JXUserDB.swift */; };
		35CB1FCC1FD52FA8001EBA33 /* InfoPlist.strings in Resources */ = {isa = PBXBuildFile; fileRef = 35CB1FCE1FD52FA8001EBA33 /* InfoPlist.strings */; };
		35CB1FD81FD7C122001EBA33 /* DataManager.swift in Sources */ = {isa = PBXBuildFile; fileRef = 35CB1FD71FD7C122001EBA33 /* DataManager.swift */; };
		35CB1FDC1FD7F89D001EBA33 /* FileManager+Extension.swift in Sources */ = {isa = PBXBuildFile; fileRef = 35CB1FDB1FD7F89D001EBA33 /* FileManager+Extension.swift */; };
		35CB1FE01FD8E5B0001EBA33 /* UserDefaults+Extension.swift in Sources */ = {isa = PBXBuildFile; fileRef = 35CB1FDF1FD8E5B0001EBA33 /* UserDefaults+Extension.swift */; };
		35DE9E931F14A917006F271E /* JXBaseRequest.swift in Sources */ = {isa = PBXBuildFile; fileRef = 35DE9E8E1F14A917006F271E /* JXBaseRequest.swift */; };
		35DE9E941F14A917006F271E /* JXNetworkError.swift in Sources */ = {isa = PBXBuildFile; fileRef = 35DE9E8F1F14A917006F271E /* JXNetworkError.swift */; };
		35DE9E951F14A917006F271E /* JXNetworkManager.swift in Sources */ = {isa = PBXBuildFile; fileRef = 35DE9E901F14A917006F271E /* JXNetworkManager.swift */; };
		35DE9E971F14A917006F271E /* JXRequest.swift in Sources */ = {isa = PBXBuildFile; fileRef = 35DE9E921F14A917006F271E /* JXRequest.swift */; };
		35DE9E9B1F14BD6D006F271E /* UserManager.swift in Sources */ = {isa = PBXBuildFile; fileRef = 35DE9E9A1F14BD6D006F271E /* UserManager.swift */; };
		35DE9E9D1F14BDAF006F271E /* BaseModel.swift in Sources */ = {isa = PBXBuildFile; fileRef = 35DE9E9C1F14BDAF006F271E /* BaseModel.swift */; };
		35F7853E1F9F1FC800C77942 /* JXOrderListController.swift in Sources */ = {isa = PBXBuildFile; fileRef = 35F7853D1F9F1FC800C77942 /* JXOrderListController.swift */; };
		35F785401F9F204100C77942 /* JXOrderManageController.swift in Sources */ = {isa = PBXBuildFile; fileRef = 35F7853F1F9F204100C77942 /* JXOrderManageController.swift */; };
		35F785421F9F36EC00C77942 /* JXContactsController.swift in Sources */ = {isa = PBXBuildFile; fileRef = 35F785411F9F36EC00C77942 /* JXContactsController.swift */; };
/* End PBXBuildFile section */

/* Begin PBXFileReference section */
		33983F2A219F7DCD75ADBC1E /* Pods-ShoppingGo.debug.xcconfig */ = {isa = PBXFileReference; includeInIndex = 1; lastKnownFileType = text.xcconfig; name = "Pods-ShoppingGo.debug.xcconfig"; path = "Pods/Target Support Files/Pods-ShoppingGo/Pods-ShoppingGo.debug.xcconfig"; sourceTree = "<group>"; };
		351296EE1F9990A5003A08F2 /* JXNavigationBar.swift */ = {isa = PBXFileReference; lastKnownFileType = sourcecode.swift; path = JXNavigationBar.swift; sourceTree = "<group>"; };
		3514D65A1F187117001744DD /* UIViewController+Extension.swift */ = {isa = PBXFileReference; fileEncoding = 4; lastKnownFileType = sourcecode.swift; path = "UIViewController+Extension.swift"; sourceTree = "<group>"; };
		3514D6811F1D9E17001744DD /* en */ = {isa = PBXFileReference; lastKnownFileType = text.plist.strings; name = en; path = en.lproj/Localizable.strings; sourceTree = "<group>"; };
		3514D6841F1D9E8A001744DD /* zh-Hans */ = {isa = PBXFileReference; lastKnownFileType = text.plist.strings; name = "zh-Hans"; path = "zh-Hans.lproj/Localizable.strings"; sourceTree = "<group>"; };
		3514D6851F1DADA9001744DD /* LanguageManager.swift */ = {isa = PBXFileReference; fileEncoding = 4; lastKnownFileType = sourcecode.swift; path = LanguageManager.swift; sourceTree = "<group>"; };
		3514D71F1F1F0C21001744DD /* UIImageView+Extension.swift */ = {isa = PBXFileReference; fileEncoding = 4; lastKnownFileType = sourcecode.swift; path = "UIImageView+Extension.swift"; sourceTree = "<group>"; };
		3514D7281F204DCC001744DD /* JXLoginViewController.swift */ = {isa = PBXFileReference; fileEncoding = 4; lastKnownFileType = sourcecode.swift; path = JXLoginViewController.swift; sourceTree = "<group>"; };
		3514D72A1F204DCC001744DD /* JXBezierViewController.swift */ = {isa = PBXFileReference; fileEncoding = 4; lastKnownFileType = sourcecode.swift; path = JXBezierViewController.swift; sourceTree = "<group>"; };
		3514D72D1F204E59001744DD /* JXNavigationController.swift */ = {isa = PBXFileReference; fileEncoding = 4; lastKnownFileType = sourcecode.swift; path = JXNavigationController.swift; sourceTree = "<group>"; };
		3514D72E1F204E59001744DD /* JXTabBarController.swift */ = {isa = PBXFileReference; fileEncoding = 4; lastKnownFileType = sourcecode.swift; path = JXTabBarController.swift; sourceTree = "<group>"; };
		351DD2F81F14E1AE00E90170 /* String+Extension.swift */ = {isa = PBXFileReference; fileEncoding = 4; lastKnownFileType = sourcecode.swift; path = "String+Extension.swift"; sourceTree = "<group>"; };
		351DD2F91F14E1AE00E90170 /* UIBarButtonItem+Extension.swift */ = {isa = PBXFileReference; fileEncoding = 4; lastKnownFileType = sourcecode.swift; path = "UIBarButtonItem+Extension.swift"; sourceTree = "<group>"; };
		351DD2FA1F14E1AE00E90170 /* UIColor+Extension.swift */ = {isa = PBXFileReference; fileEncoding = 4; lastKnownFileType = sourcecode.swift; path = "UIColor+Extension.swift"; sourceTree = "<group>"; };
		351DD2FB1F14E1AE00E90170 /* UIImage+Extension.swift */ = {isa = PBXFileReference; fileEncoding = 4; lastKnownFileType = sourcecode.swift; path = "UIImage+Extension.swift"; sourceTree = "<group>"; };
		351DD2FC1F14E1AE00E90170 /* UIScreen+Extension.swift */ = {isa = PBXFileReference; fileEncoding = 4; lastKnownFileType = sourcecode.swift; path = "UIScreen+Extension.swift"; sourceTree = "<group>"; };
		351DD2FD1F14E1AE00E90170 /* UIView+Extension.swift */ = {isa = PBXFileReference; fileEncoding = 4; lastKnownFileType = sourcecode.swift; path = "UIView+Extension.swift"; sourceTree = "<group>"; };
		351DD2FF1F14E1AE00E90170 /* JXAlertView.swift */ = {isa = PBXFileReference; fileEncoding = 4; lastKnownFileType = sourcecode.swift; path = JXAlertView.swift; sourceTree = "<group>"; };
		351DD3001F14E1AE00E90170 /* JXHorizontalView.swift */ = {isa = PBXFileReference; fileEncoding = 4; lastKnownFileType = sourcecode.swift; path = JXHorizontalView.swift; sourceTree = "<group>"; };
		351DD3011F14E1AE00E90170 /* JXNoticeView.swift */ = {isa = PBXFileReference; fileEncoding = 4; lastKnownFileType = sourcecode.swift; path = JXNoticeView.swift; sourceTree = "<group>"; };
		351DD3031F14E1AE00E90170 /* JXSelectView.swift */ = {isa = PBXFileReference; fileEncoding = 4; lastKnownFileType = sourcecode.swift; path = JXSelectView.swift; sourceTree = "<group>"; };
		351DD3041F14E1AE00E90170 /* JXTopBarView.swift */ = {isa = PBXFileReference; fileEncoding = 4; lastKnownFileType = sourcecode.swift; path = JXTopBarView.swift; sourceTree = "<group>"; };
		351DD3111F14E70200E90170 /* ConstantHeader.swift */ = {isa = PBXFileReference; fileEncoding = 4; lastKnownFileType = sourcecode.swift; path = ConstantHeader.swift; sourceTree = "<group>"; };
		351DD3121F14E70200E90170 /* NotificationEnum.swift */ = {isa = PBXFileReference; fileEncoding = 4; lastKnownFileType = sourcecode.swift; path = NotificationEnum.swift; sourceTree = "<group>"; };
		351DD3131F14E70200E90170 /* ProjectHeader.swift */ = {isa = PBXFileReference; fileEncoding = 4; lastKnownFileType = sourcecode.swift; path = ProjectHeader.swift; sourceTree = "<group>"; };
		351DD31E1F161A7E00E90170 /* JXPhotoBrowserController.swift */ = {isa = PBXFileReference; fileEncoding = 4; lastKnownFileType = sourcecode.swift; path = JXPhotoBrowserController.swift; sourceTree = "<group>"; };
		351DD3221F1634B100E90170 /* JXGuideView.swift */ = {isa = PBXFileReference; fileEncoding = 4; lastKnownFileType = sourcecode.swift; path = JXGuideView.swift; sourceTree = "<group>"; };
		351DD3241F17104B00E90170 /* Bundle+Extension.swift */ = {isa = PBXFileReference; fileEncoding = 4; lastKnownFileType = sourcecode.swift; path = "Bundle+Extension.swift"; sourceTree = "<group>"; };
		351DD3261F171F0C00E90170 /* JXAdvertiseView.swift */ = {isa = PBXFileReference; fileEncoding = 4; lastKnownFileType = sourcecode.swift; path = JXAdvertiseView.swift; sourceTree = "<group>"; };
		351DD3281F1756F400E90170 /* JXUIWebViewController.swift */ = {isa = PBXFileReference; fileEncoding = 4; lastKnownFileType = sourcecode.swift; path = JXUIWebViewController.swift; sourceTree = "<group>"; };
		351DD32A1F17602300E90170 /* JXWkWebViewController.swift */ = {isa = PBXFileReference; fileEncoding = 4; lastKnownFileType = sourcecode.swift; path = JXWkWebViewController.swift; sourceTree = "<group>"; };
		35260D281EE696EF001B31A1 /* ShoppingGo.app */ = {isa = PBXFileReference; explicitFileType = wrapper.application; includeInIndex = 0; path = ShoppingGo.app; sourceTree = BUILT_PRODUCTS_DIR; };
		35260D2B1EE696EF001B31A1 /* AppDelegate.swift */ = {isa = PBXFileReference; lastKnownFileType = sourcecode.swift; path = AppDelegate.swift; sourceTree = "<group>"; };
		35260D2D1EE696EF001B31A1 /* ViewController.swift */ = {isa = PBXFileReference; lastKnownFileType = sourcecode.swift; path = ViewController.swift; sourceTree = "<group>"; };
		35260D321EE696EF001B31A1 /* Assets.xcassets */ = {isa = PBXFileReference; lastKnownFileType = folder.assetcatalog; path = Assets.xcassets; sourceTree = "<group>"; };
		35260D371EE696EF001B31A1 /* Info.plist */ = {isa = PBXFileReference; lastKnownFileType = text.plist.xml; path = Info.plist; sourceTree = "<group>"; };
		35260D411EE697AD001B31A1 /* JXBaseViewController.swift */ = {isa = PBXFileReference; fileEncoding = 4; lastKnownFileType = sourcecode.swift; path = JXBaseViewController.swift; sourceTree = "<group>"; };
		35260D451EE697AD001B31A1 /* BusinessViewController.swift */ = {isa = PBXFileReference; fileEncoding = 4; lastKnownFileType = sourcecode.swift; path = BusinessViewController.swift; sourceTree = "<group>"; };
		35260D461EE697AD001B31A1 /* FindViewController.swift */ = {isa = PBXFileReference; fileEncoding = 4; lastKnownFileType = sourcecode.swift; path = FindViewController.swift; sourceTree = "<group>"; };
		35260D471EE697AD001B31A1 /* HomeViewController.swift */ = {isa = PBXFileReference; fileEncoding = 4; lastKnownFileType = sourcecode.swift; path = HomeViewController.swift; sourceTree = "<group>"; };
		35260D481EE697AD001B31A1 /* MyViewController.swift */ = {isa = PBXFileReference; fileEncoding = 4; lastKnownFileType = sourcecode.swift; path = MyViewController.swift; sourceTree = "<group>"; };
		355947A41F2B2836008145BB /* JXDrawViewController.swift */ = {isa = PBXFileReference; fileEncoding = 4; lastKnownFileType = sourcecode.swift; path = JXDrawViewController.swift; sourceTree = "<group>"; };
		355947A61F2B38C5008145BB /* JXUIKitViewController.swift */ = {isa = PBXFileReference; fileEncoding = 4; lastKnownFileType = sourcecode.swift; path = JXUIKitViewController.swift; sourceTree = "<group>"; };
		355947A91F2B3A74008145BB /* JXBezierView.swift */ = {isa = PBXFileReference; fileEncoding = 4; lastKnownFileType = sourcecode.swift; path = JXBezierView.swift; sourceTree = "<group>"; };
		355947AB1F2B3A95008145BB /* JXImageView.swift */ = {isa = PBXFileReference; fileEncoding = 4; lastKnownFileType = sourcecode.swift; path = JXImageView.swift; sourceTree = "<group>"; };
		355947AD1F2B4C45008145BB /* JXStringView.swift */ = {isa = PBXFileReference; fileEncoding = 4; lastKnownFileType = sourcecode.swift; path = JXStringView.swift; sourceTree = "<group>"; };
		355948211F3415AD008145BB /* MBProgressHUD+Addition.swift */ = {isa = PBXFileReference; fileEncoding = 4; lastKnownFileType = sourcecode.swift; path = "MBProgressHUD+Addition.swift"; sourceTree = "<group>"; };
		355948231F3415CF008145BB /* SDWebImage+Addition.swift */ = {isa = PBXFileReference; fileEncoding = 4; lastKnownFileType = sourcecode.swift; path = "SDWebImage+Addition.swift"; sourceTree = "<group>"; };
		355948251F3455C9008145BB /* JXViewManager.swift */ = {isa = PBXFileReference; fileEncoding = 4; lastKnownFileType = sourcecode.swift; path = JXViewManager.swift; sourceTree = "<group>"; };
		355948271F346751008145BB /* JXColorView.swift */ = {isa = PBXFileReference; fileEncoding = 4; lastKnownFileType = sourcecode.swift; path = JXColorView.swift; sourceTree = "<group>"; };
		355948291F347701008145BB /* JXPlaceHolderTextView.swift */ = {isa = PBXFileReference; fileEncoding = 4; lastKnownFileType = sourcecode.swift; path = JXPlaceHolderTextView.swift; sourceTree = "<group>"; };
		3559482B1F34782E008145BB /* JXSettingViewController.swift */ = {isa = PBXFileReference; fileEncoding = 4; lastKnownFileType = sourcecode.swift; path = JXSettingViewController.swift; sourceTree = "<group>"; };
		355948581F3BF9F5008145BB /* JXFeedbackViewController.swift */ = {isa = PBXFileReference; fileEncoding = 4; lastKnownFileType = sourcecode.swift; path = JXFeedbackViewController.swift; sourceTree = "<group>"; };
		3559485E1F3BFEE6008145BB /* JXAddressListController.swift */ = {isa = PBXFileReference; fileEncoding = 4; lastKnownFileType = sourcecode.swift; path = JXAddressListController.swift; sourceTree = "<group>"; };
		355948601F3C00B4008145BB /* JXAddressCell.swift */ = {isa = PBXFileReference; fileEncoding = 4; lastKnownFileType = sourcecode.swift; path = JXAddressCell.swift; sourceTree = "<group>"; };
		355948611F3C00B4008145BB /* JXAddressCell.xib */ = {isa = PBXFileReference; fileEncoding = 4; lastKnownFileType = file.xib; path = JXAddressCell.xib; sourceTree = "<group>"; };
		355948641F3C0CF2008145BB /* JXAddressEntity.swift */ = {isa = PBXFileReference; fileEncoding = 4; lastKnownFileType = sourcecode.swift; path = JXAddressEntity.swift; sourceTree = "<group>"; };
		355948661F3C2082008145BB /* JXEditAddressController.swift */ = {isa = PBXFileReference; fileEncoding = 4; lastKnownFileType = sourcecode.swift; path = JXEditAddressController.swift; sourceTree = "<group>"; };
		355948721F3C6C28008145BB /* JXAdditionView.swift */ = {isa = PBXFileReference; fileEncoding = 4; lastKnownFileType = sourcecode.swift; path = JXAdditionView.swift; sourceTree = "<group>"; };
		3597502A1EE793A300419474 /* JXTableViewController.swift */ = {isa = PBXFileReference; fileEncoding = 4; lastKnownFileType = sourcecode.swift; path = JXTableViewController.swift; sourceTree = "<group>"; };
		359750551EE7FB6E00419474 /* JXDefaultView.swift */ = {isa = PBXFileReference; fileEncoding = 4; lastKnownFileType = sourcecode.swift; path = JXDefaultView.swift; sourceTree = "<group>"; };
		3597505B1EEA9FF500419474 /* ApiEnum.swift */ = {isa = PBXFileReference; fileEncoding = 4; lastKnownFileType = sourcecode.swift; path = ApiEnum.swift; sourceTree = "<group>"; };
		35BF038B1F42CD08004A77E9 /* DBManager.swift */ = {isa = PBXFileReference; fileEncoding = 4; lastKnownFileType = sourcecode.swift; path = DBManager.swift; sourceTree = "<group>"; };
		35BF038D1F4421FC004A77E9 /* JXDBListViewController.swift */ = {isa = PBXFileReference; fileEncoding = 4; lastKnownFileType = sourcecode.swift; path = JXDBListViewController.swift; sourceTree = "<group>"; };
		35BF038F1F442221004A77E9 /* JXDBListCell.swift */ = {isa = PBXFileReference; fileEncoding = 4; lastKnownFileType = sourcecode.swift; path = JXDBListCell.swift; sourceTree = "<group>"; };
		35BF03901F442221004A77E9 /* JXDBListCell.xib */ = {isa = PBXFileReference; fileEncoding = 4; lastKnownFileType = file.xib; path = JXDBListCell.xib; sourceTree = "<group>"; };
		35BF03931F442CB8004A77E9 /* JXEditDBUserController.swift */ = {isa = PBXFileReference; fileEncoding = 4; lastKnownFileType = sourcecode.swift; path = JXEditDBUserController.swift; sourceTree = "<group>"; };
		35BF03951F45A364004A77E9 /* JXUserInfoViewController.swift */ = {isa = PBXFileReference; fileEncoding = 4; lastKnownFileType = sourcecode.swift; path = JXUserInfoViewController.swift; sourceTree = "<group>"; };
		35BF03991F468C89004A77E9 /* JXBaseDB.swift */ = {isa = PBXFileReference; fileEncoding = 4; lastKnownFileType = sourcecode.swift; path = JXBaseDB.swift; sourceTree = "<group>"; };
		35BF039A1F468C89004A77E9 /* JXUserDB.swift */ = {isa = PBXFileReference; fileEncoding = 4; lastKnownFileType = sourcecode.swift; path = JXUserDB.swift; sourceTree = "<group>"; };
		35CB1FCD1FD52FA8001EBA33 /* zh-Hans */ = {isa = PBXFileReference; lastKnownFileType = text.plist.strings; name = "zh-Hans"; path = "zh-Hans.lproj/InfoPlist.strings"; sourceTree = "<group>"; };
		35CB1FCF1FD52FBB001EBA33 /* en */ = {isa = PBXFileReference; lastKnownFileType = text.plist.strings; name = en; path = en.lproj/InfoPlist.strings; sourceTree = "<group>"; };
		35CB1FD71FD7C122001EBA33 /* DataManager.swift */ = {isa = PBXFileReference; lastKnownFileType = sourcecode.swift; path = DataManager.swift; sourceTree = "<group>"; };
		35CB1FDB1FD7F89D001EBA33 /* FileManager+Extension.swift */ = {isa = PBXFileReference; lastKnownFileType = sourcecode.swift; path = "FileManager+Extension.swift"; sourceTree = "<group>"; };
		35CB1FDF1FD8E5B0001EBA33 /* UserDefaults+Extension.swift */ = {isa = PBXFileReference; lastKnownFileType = sourcecode.swift; path = "UserDefaults+Extension.swift"; sourceTree = "<group>"; };
		35DE9E8E1F14A917006F271E /* JXBaseRequest.swift */ = {isa = PBXFileReference; fileEncoding = 4; lastKnownFileType = sourcecode.swift; path = JXBaseRequest.swift; sourceTree = "<group>"; };
		35DE9E8F1F14A917006F271E /* JXNetworkError.swift */ = {isa = PBXFileReference; fileEncoding = 4; lastKnownFileType = sourcecode.swift; path = JXNetworkError.swift; sourceTree = "<group>"; };
		35DE9E901F14A917006F271E /* JXNetworkManager.swift */ = {isa = PBXFileReference; fileEncoding = 4; lastKnownFileType = sourcecode.swift; path = JXNetworkManager.swift; sourceTree = "<group>"; };
		35DE9E921F14A917006F271E /* JXRequest.swift */ = {isa = PBXFileReference; fileEncoding = 4; lastKnownFileType = sourcecode.swift; path = JXRequest.swift; sourceTree = "<group>"; };
		35DE9E9A1F14BD6D006F271E /* UserManager.swift */ = {isa = PBXFileReference; fileEncoding = 4; lastKnownFileType = sourcecode.swift; path = UserManager.swift; sourceTree = "<group>"; };
		35DE9E9C1F14BDAF006F271E /* BaseModel.swift */ = {isa = PBXFileReference; fileEncoding = 4; lastKnownFileType = sourcecode.swift; path = BaseModel.swift; sourceTree = "<group>"; };
		35F7853D1F9F1FC800C77942 /* JXOrderListController.swift */ = {isa = PBXFileReference; lastKnownFileType = sourcecode.swift; path = JXOrderListController.swift; sourceTree = "<group>"; };
		35F7853F1F9F204100C77942 /* JXOrderManageController.swift */ = {isa = PBXFileReference; lastKnownFileType = sourcecode.swift; path = JXOrderManageController.swift; sourceTree = "<group>"; };
		35F785411F9F36EC00C77942 /* JXContactsController.swift */ = {isa = PBXFileReference; lastKnownFileType = sourcecode.swift; path = JXContactsController.swift; sourceTree = "<group>"; };
		F07534B2E8D83D4B13ADC460 /* Pods_ShoppingGo.framework */ = {isa = PBXFileReference; explicitFileType = wrapper.framework; includeInIndex = 0; path = Pods_ShoppingGo.framework; sourceTree = BUILT_PRODUCTS_DIR; };
		F5947C9FA650EA55E37E4914 /* Pods-ShoppingGo.release.xcconfig */ = {isa = PBXFileReference; includeInIndex = 1; lastKnownFileType = text.xcconfig; name = "Pods-ShoppingGo.release.xcconfig"; path = "Pods/Target Support Files/Pods-ShoppingGo/Pods-ShoppingGo.release.xcconfig"; sourceTree = "<group>"; };
/* End PBXFileReference section */

/* Begin PBXFrameworksBuildPhase section */
		35260D251EE696EF001B31A1 /* Frameworks */ = {
			isa = PBXFrameworksBuildPhase;
			buildActionMask = 2147483647;
			files = (
				2CE2BBEE9D969C72D5CCFD28 /* Pods_ShoppingGo.framework in Frameworks */,
			);
			runOnlyForDeploymentPostprocessing = 0;
		};
/* End PBXFrameworksBuildPhase section */

/* Begin PBXGroup section */
		273C03ABE8E514D0085F3DDD /* Pods */ = {
			isa = PBXGroup;
			children = (
				33983F2A219F7DCD75ADBC1E /* Pods-ShoppingGo.debug.xcconfig */,
				F5947C9FA650EA55E37E4914 /* Pods-ShoppingGo.release.xcconfig */,
			);
			name = Pods;
			sourceTree = "<group>";
		};
		351296ED1F99907F003A08F2 /* UIView+Inherit */ = {
			isa = PBXGroup;
			children = (
				351296EE1F9990A5003A08F2 /* JXNavigationBar.swift */,
			);
			path = "UIView+Inherit";
			sourceTree = "<group>";
		};
		3514D7271F204DCC001744DD /* LogRegister */ = {
			isa = PBXGroup;
			children = (
				3514D7281F204DCC001744DD /* JXLoginViewController.swift */,
			);
			path = LogRegister;
			sourceTree = "<group>";
		};
		3514D7291F204DCC001744DD /* My */ = {
			isa = PBXGroup;
			children = (
				35260D481EE697AD001B31A1 /* MyViewController.swift */,
				35BF039D1F46C9E9004A77E9 /* privacy */,
				3559485A1F3BFEBF008145BB /* address */,
				3559485B1F3BFEBF008145BB /* collection */,
				3559485C1F3BFEBF008145BB /* friend */,
				3559485D1F3BFEBF008145BB /* order */,
				3514D72A1F204DCC001744DD /* JXBezierViewController.swift */,
				355947A41F2B2836008145BB /* JXDrawViewController.swift */,
				355947A61F2B38C5008145BB /* JXUIKitViewController.swift */,
				3559482B1F34782E008145BB /* JXSettingViewController.swift */,
				355948581F3BF9F5008145BB /* JXFeedbackViewController.swift */,
				35BF03951F45A364004A77E9 /* JXUserInfoViewController.swift */,
				35F785411F9F36EC00C77942 /* JXContactsController.swift */,
			);
			path = My;
			sourceTree = "<group>";
		};
		351DD2F61F14E1AE00E90170 /* Additions */ = {
			isa = PBXGroup;
			children = (
				355948211F3415AD008145BB /* MBProgressHUD+Addition.swift */,
				355948231F3415CF008145BB /* SDWebImage+Addition.swift */,
			);
			path = Additions;
			sourceTree = "<group>";
		};
		351DD2F71F14E1AE00E90170 /* Extension */ = {
			isa = PBXGroup;
			children = (
				351DD2F81F14E1AE00E90170 /* String+Extension.swift */,
				351DD2F91F14E1AE00E90170 /* UIBarButtonItem+Extension.swift */,
				351DD2FA1F14E1AE00E90170 /* UIColor+Extension.swift */,
				351DD2FB1F14E1AE00E90170 /* UIImage+Extension.swift */,
				35CB1FDB1FD7F89D001EBA33 /* FileManager+Extension.swift */,
				35CB1FDF1FD8E5B0001EBA33 /* UserDefaults+Extension.swift */,
				351DD2FC1F14E1AE00E90170 /* UIScreen+Extension.swift */,
				351DD2FD1F14E1AE00E90170 /* UIView+Extension.swift */,
				3514D71F1F1F0C21001744DD /* UIImageView+Extension.swift */,
				3514D65A1F187117001744DD /* UIViewController+Extension.swift */,
				351DD3241F17104B00E90170 /* Bundle+Extension.swift */,
			);
			path = Extension;
			sourceTree = "<group>";
		};
		351DD2FE1F14E1AE00E90170 /* JXView */ = {
			isa = PBXGroup;
			children = (
				355947A81F2B3A74008145BB /* DrawView */,
				351DD3221F1634B100E90170 /* JXGuideView.swift */,
				351DD3261F171F0C00E90170 /* JXAdvertiseView.swift */,
				351DD2FF1F14E1AE00E90170 /* JXAlertView.swift */,
				355948721F3C6C28008145BB /* JXAdditionView.swift */,
				351DD3001F14E1AE00E90170 /* JXHorizontalView.swift */,
				351DD3011F14E1AE00E90170 /* JXNoticeView.swift */,
				351DD3031F14E1AE00E90170 /* JXSelectView.swift */,
				351DD3041F14E1AE00E90170 /* JXTopBarView.swift */,
				355948291F347701008145BB /* JXPlaceHolderTextView.swift */,
			);
			path = JXView;
			sourceTree = "<group>";
		};
		351DD3191F15BC3D00E90170 /* JXViewController */ = {
			isa = PBXGroup;
			children = (
				351DD31E1F161A7E00E90170 /* JXPhotoBrowserController.swift */,
			);
			path = JXViewController;
			sourceTree = "<group>";
		};
		35260D1F1EE696EF001B31A1 = {
			isa = PBXGroup;
			children = (
				35260D2A1EE696EF001B31A1 /* ShoppingGo */,
				35260D291EE696EF001B31A1 /* Products */,
				273C03ABE8E514D0085F3DDD /* Pods */,
				6C219682BB50C243C35AE9F1 /* Frameworks */,
			);
			sourceTree = "<group>";
		};
		35260D291EE696EF001B31A1 /* Products */ = {
			isa = PBXGroup;
			children = (
				35260D281EE696EF001B31A1 /* ShoppingGo.app */,
			);
			name = Products;
			sourceTree = "<group>";
		};
		35260D2A1EE696EF001B31A1 /* ShoppingGo */ = {
			isa = PBXGroup;
			children = (
				35260D3D1EE697AD001B31A1 /* Basic */,
				35260D501EE6BB6C001B31A1 /* Tool */,
				35260D441EE697AD001B31A1 /* Main */,
				35260D2B1EE696EF001B31A1 /* AppDelegate.swift */,
				35260D2D1EE696EF001B31A1 /* ViewController.swift */,
				35260D321EE696EF001B31A1 /* Assets.xcassets */,
				35260D371EE696EF001B31A1 /* Info.plist */,
				35CB1FCE1FD52FA8001EBA33 /* InfoPlist.strings */,
				3514D6821F1D9E17001744DD /* Localizable.strings */,
			);
			path = ShoppingGo;
			sourceTree = "<group>";
		};
		35260D3D1EE697AD001B31A1 /* Basic */ = {
			isa = PBXGroup;
			children = (
				35260D3E1EE697AD001B31A1 /* Model */,
				35260D3F1EE697AD001B31A1 /* View */,
				35260D401EE697AD001B31A1 /* ViewController */,
			);
			path = Basic;
			sourceTree = "<group>";
		};
		35260D3E1EE697AD001B31A1 /* Model */ = {
			isa = PBXGroup;
			children = (
				35DE9E9C1F14BDAF006F271E /* BaseModel.swift */,
			);
			path = Model;
			sourceTree = "<group>";
		};
		35260D3F1EE697AD001B31A1 /* View */ = {
			isa = PBXGroup;
			children = (
				359750551EE7FB6E00419474 /* JXDefaultView.swift */,
			);
			path = View;
			sourceTree = "<group>";
		};
		35260D401EE697AD001B31A1 /* ViewController */ = {
			isa = PBXGroup;
			children = (
				3514D72D1F204E59001744DD /* JXNavigationController.swift */,
				3514D72E1F204E59001744DD /* JXTabBarController.swift */,
				35260D411EE697AD001B31A1 /* JXBaseViewController.swift */,
				3597502A1EE793A300419474 /* JXTableViewController.swift */,
				351DD3281F1756F400E90170 /* JXUIWebViewController.swift */,
				351DD32A1F17602300E90170 /* JXWkWebViewController.swift */,
			);
			path = ViewController;
			sourceTree = "<group>";
		};
		35260D441EE697AD001B31A1 /* Main */ = {
			isa = PBXGroup;
			children = (
				35552D721FA03CE500DB28B8 /* Find */,
				3514D7271F204DCC001744DD /* LogRegister */,
				3514D7291F204DCC001744DD /* My */,
				35260D451EE697AD001B31A1 /* BusinessViewController.swift */,
				35260D471EE697AD001B31A1 /* HomeViewController.swift */,
			);
			path = Main;
			sourceTree = "<group>";
		};
		35260D501EE6BB6C001B31A1 /* Tool */ = {
			isa = PBXGroup;
			children = (
				351DD3191F15BC3D00E90170 /* JXViewController */,
				351DD2FE1F14E1AE00E90170 /* JXView */,
				351296ED1F99907F003A08F2 /* UIView+Inherit */,
				351DD2F61F14E1AE00E90170 /* Additions */,
				351DD2F71F14E1AE00E90170 /* Extension */,
				35DE9E981F14BD4C006F271E /* CommonManager */,
				3597505D1EEBCF5000419474 /* JXNetwork */,
				3597505B1EEA9FF500419474 /* ApiEnum.swift */,
				351DD3111F14E70200E90170 /* ConstantHeader.swift */,
				351DD3121F14E70200E90170 /* NotificationEnum.swift */,
				351DD3131F14E70200E90170 /* ProjectHeader.swift */,
			);
			path = Tool;
			sourceTree = "<group>";
		};
		35552D721FA03CE500DB28B8 /* Find */ = {
			isa = PBXGroup;
			children = (
				35260D461EE697AD001B31A1 /* FindViewController.swift */,
			);
			path = Find;
			sourceTree = "<group>";
		};
		355947A81F2B3A74008145BB /* DrawView */ = {
			isa = PBXGroup;
			children = (
				355947A91F2B3A74008145BB /* JXBezierView.swift */,
				355947AB1F2B3A95008145BB /* JXImageView.swift */,
				355947AD1F2B4C45008145BB /* JXStringView.swift */,
				355948271F346751008145BB /* JXColorView.swift */,
			);
			path = DrawView;
			sourceTree = "<group>";
		};
		3559485A1F3BFEBF008145BB /* address */ = {
			isa = PBXGroup;
			children = (
				3559485E1F3BFEE6008145BB /* JXAddressListController.swift */,
				355948661F3C2082008145BB /* JXEditAddressController.swift */,
				355948601F3C00B4008145BB /* JXAddressCell.swift */,
				355948611F3C00B4008145BB /* JXAddressCell.xib */,
				355948641F3C0CF2008145BB /* JXAddressEntity.swift */,
			);
			path = address;
			sourceTree = "<group>";
		};
		3559485B1F3BFEBF008145BB /* collection */ = {
			isa = PBXGroup;
			children = (
			);
			path = collection;
			sourceTree = "<group>";
		};
		3559485C1F3BFEBF008145BB /* friend */ = {
			isa = PBXGroup;
			children = (
				35BF038D1F4421FC004A77E9 /* JXDBListViewController.swift */,
				35BF03931F442CB8004A77E9 /* JXEditDBUserController.swift */,
				35BF038F1F442221004A77E9 /* JXDBListCell.swift */,
				35BF03901F442221004A77E9 /* JXDBListCell.xib */,
			);
			path = friend;
			sourceTree = "<group>";
		};
		3559485D1F3BFEBF008145BB /* order */ = {
			isa = PBXGroup;
			children = (
				35F7853F1F9F204100C77942 /* JXOrderManageController.swift */,
				35F7853D1F9F1FC800C77942 /* JXOrderListController.swift */,
			);
			path = order;
			sourceTree = "<group>";
		};
		3597505D1EEBCF5000419474 /* JXNetwork */ = {
			isa = PBXGroup;
			children = (
				35DE9E8E1F14A917006F271E /* JXBaseRequest.swift */,
				35DE9E8F1F14A917006F271E /* JXNetworkError.swift */,
				35DE9E901F14A917006F271E /* JXNetworkManager.swift */,
				35DE9E921F14A917006F271E /* JXRequest.swift */,
			);
			path = JXNetwork;
			sourceTree = "<group>";
		};
		35BF038A1F42CC8B004A77E9 /* DBManager */ = {
			isa = PBXGroup;
			children = (
				35BF03991F468C89004A77E9 /* JXBaseDB.swift */,
				35BF039A1F468C89004A77E9 /* JXUserDB.swift */,
				35BF038B1F42CD08004A77E9 /* DBManager.swift */,
			);
			path = DBManager;
			sourceTree = "<group>";
		};
		35BF039D1F46C9E9004A77E9 /* privacy */ = {
			isa = PBXGroup;
			children = (
				35BF039E1F46C9E9004A77E9 /* AddressBook */,
				35BF039F1F46C9E9004A77E9 /* Location */,
				35BF03A01F46C9E9004A77E9 /* Motion */,
				35BF03A11F46C9E9004A77E9 /* Photo */,
			);
			path = privacy;
			sourceTree = "<group>";
		};
		35BF039E1F46C9E9004A77E9 /* AddressBook */ = {
			isa = PBXGroup;
			children = (
			);
			path = AddressBook;
			sourceTree = "<group>";
		};
		35BF039F1F46C9E9004A77E9 /* Location */ = {
			isa = PBXGroup;
			children = (
			);
			path = Location;
			sourceTree = "<group>";
		};
		35BF03A01F46C9E9004A77E9 /* Motion */ = {
			isa = PBXGroup;
			children = (
			);
			path = Motion;
			sourceTree = "<group>";
		};
		35BF03A11F46C9E9004A77E9 /* Photo */ = {
			isa = PBXGroup;
			children = (
			);
			path = Photo;
			sourceTree = "<group>";
		};
		35DE9E981F14BD4C006F271E /* CommonManager */ = {
			isa = PBXGroup;
			children = (
				35BF038A1F42CC8B004A77E9 /* DBManager */,
				35DE9E991F14BD4C006F271E /* UserManager */,
				3514D6851F1DADA9001744DD /* LanguageManager.swift */,
				35CB1FD71FD7C122001EBA33 /* DataManager.swift */,
				355948251F3455C9008145BB /* JXViewManager.swift */,
			);
			path = CommonManager;
			sourceTree = "<group>";
		};
		35DE9E991F14BD4C006F271E /* UserManager */ = {
			isa = PBXGroup;
			children = (
				35DE9E9A1F14BD6D006F271E /* UserManager.swift */,
			);
			path = UserManager;
			sourceTree = "<group>";
		};
		6C219682BB50C243C35AE9F1 /* Frameworks */ = {
			isa = PBXGroup;
			children = (
				F07534B2E8D83D4B13ADC460 /* Pods_ShoppingGo.framework */,
			);
			name = Frameworks;
			sourceTree = "<group>";
		};
/* End PBXGroup section */

/* Begin PBXNativeTarget section */
		35260D271EE696EF001B31A1 /* ShoppingGo */ = {
			isa = PBXNativeTarget;
			buildConfigurationList = 35260D3A1EE696EF001B31A1 /* Build configuration list for PBXNativeTarget "ShoppingGo" */;
			buildPhases = (
				5DC92F2A2E65E3E54B148F4A /* [CP] Check Pods Manifest.lock */,
				35260D241EE696EF001B31A1 /* Sources */,
				35260D251EE696EF001B31A1 /* Frameworks */,
				35260D261EE696EF001B31A1 /* Resources */,
				240B19F868771E172926939A /* [CP] Embed Pods Frameworks */,
				22A7809498CD3188E5E19878 /* [CP] Copy Pods Resources */,
			);
			buildRules = (
			);
			dependencies = (
			);
			name = ShoppingGo;
			productName = ShoppingGo;
			productReference = 35260D281EE696EF001B31A1 /* ShoppingGo.app */;
			productType = "com.apple.product-type.application";
		};
/* End PBXNativeTarget section */

/* Begin PBXProject section */
		35260D201EE696EF001B31A1 /* Project object */ = {
			isa = PBXProject;
			attributes = {
				CLASSPREFIX = JX;
				LastSwiftUpdateCheck = 0830;
				LastUpgradeCheck = 0830;
				ORGANIZATIONNAME = "杜进新";
				TargetAttributes = {
					35260D271EE696EF001B31A1 = {
						CreatedOnToolsVersion = 8.3.2;
						DevelopmentTeam = JD78BK6EHC;
						LastSwiftMigration = 0830;
						ProvisioningStyle = Automatic;
					};
				};
			};
			buildConfigurationList = 35260D231EE696EF001B31A1 /* Build configuration list for PBXProject "ShoppingGo" */;
			compatibilityVersion = "Xcode 3.2";
			developmentRegion = English;
			hasScannedForEncodings = 0;
			knownRegions = (
				en,
				"zh-Hans",
			);
			mainGroup = 35260D1F1EE696EF001B31A1;
			productRefGroup = 35260D291EE696EF001B31A1 /* Products */;
			projectDirPath = "";
			projectRoot = "";
			targets = (
				35260D271EE696EF001B31A1 /* ShoppingGo */,
			);
		};
/* End PBXProject section */

/* Begin PBXResourcesBuildPhase section */
		35260D261EE696EF001B31A1 /* Resources */ = {
			isa = PBXResourcesBuildPhase;
			buildActionMask = 2147483647;
			files = (
				355948631F3C00B4008145BB /* JXAddressCell.xib in Resources */,
				35260D331EE696EF001B31A1 /* Assets.xcassets in Resources */,
				35BF03921F442221004A77E9 /* JXDBListCell.xib in Resources */,
				3514D6801F1D9E17001744DD /* Localizable.strings in Resources */,
				35CB1FCC1FD52FA8001EBA33 /* InfoPlist.strings in Resources */,
			);
			runOnlyForDeploymentPostprocessing = 0;
		};
/* End PBXResourcesBuildPhase section */

/* Begin PBXShellScriptBuildPhase section */
		22A7809498CD3188E5E19878 /* [CP] Copy Pods Resources */ = {
			isa = PBXShellScriptBuildPhase;
			buildActionMask = 2147483647;
			files = (
			);
			inputPaths = (
			);
			name = "[CP] Copy Pods Resources";
			outputPaths = (
			);
			runOnlyForDeploymentPostprocessing = 0;
			shellPath = /bin/sh;
			shellScript = "\"${SRCROOT}/Pods/Target Support Files/Pods-ShoppingGo/Pods-ShoppingGo-resources.sh\"\n";
			showEnvVarsInLog = 0;
		};
		240B19F868771E172926939A /* [CP] Embed Pods Frameworks */ = {
			isa = PBXShellScriptBuildPhase;
			buildActionMask = 2147483647;
			files = (
			);
			inputPaths = (
			);
			name = "[CP] Embed Pods Frameworks";
			outputPaths = (
			);
			runOnlyForDeploymentPostprocessing = 0;
			shellPath = /bin/sh;
			shellScript = "\"${SRCROOT}/Pods/Target Support Files/Pods-ShoppingGo/Pods-ShoppingGo-frameworks.sh\"\n";
			showEnvVarsInLog = 0;
		};
		5DC92F2A2E65E3E54B148F4A /* [CP] Check Pods Manifest.lock */ = {
			isa = PBXShellScriptBuildPhase;
			buildActionMask = 2147483647;
			files = (
			);
			inputPaths = (
			);
			name = "[CP] Check Pods Manifest.lock";
			outputPaths = (
			);
			runOnlyForDeploymentPostprocessing = 0;
			shellPath = /bin/sh;
			shellScript = "diff \"${PODS_PODFILE_DIR_PATH}/Podfile.lock\" \"${PODS_ROOT}/Manifest.lock\" > /dev/null\nif [ $? != 0 ] ; then\n    # print error to STDERR\n    echo \"error: The sandbox is not in sync with the Podfile.lock. Run 'pod install' or update your CocoaPods installation.\" >&2\n    exit 1\nfi\n";
			showEnvVarsInLog = 0;
		};
/* End PBXShellScriptBuildPhase section */

/* Begin PBXSourcesBuildPhase section */
		35260D241EE696EF001B31A1 /* Sources */ = {
			isa = PBXSourcesBuildPhase;
			buildActionMask = 2147483647;
			files = (
				35DE9E931F14A917006F271E /* JXBaseRequest.swift in Sources */,
				35260D4C1EE697AD001B31A1 /* BusinessViewController.swift in Sources */,
				351DD3151F14E70200E90170 /* ConstantHeader.swift in Sources */,
				3559482A1F347701008145BB /* JXPlaceHolderTextView.swift in Sources */,
				35DE9E9D1F14BDAF006F271E /* BaseModel.swift in Sources */,
				3559482C1F34782E008145BB /* JXSettingViewController.swift in Sources */,
				351DD3071F14E1AE00E90170 /* UIColor+Extension.swift in Sources */,
				35BF038C1F42CD08004A77E9 /* DBManager.swift in Sources */,
				3597502B1EE793A300419474 /* JXTableViewController.swift in Sources */,
				35BF039B1F468C89004A77E9 /* JXBaseDB.swift in Sources */,
				35F785401F9F204100C77942 /* JXOrderManageController.swift in Sources */,
				355948241F3415CF008145BB /* SDWebImage+Addition.swift in Sources */,
				355947AA1F2B3A74008145BB /* JXBezierView.swift in Sources */,
				351DD3291F1756F400E90170 /* JXUIWebViewController.swift in Sources */,
				3514D72F1F204E59001744DD /* JXNavigationController.swift in Sources */,
				351DD3231F1634B100E90170 /* JXGuideView.swift in Sources */,
				35260D2E1EE696EF001B31A1 /* ViewController.swift in Sources */,
				35BF03941F442CB8004A77E9 /* JXEditDBUserController.swift in Sources */,
				355948221F3415AD008145BB /* MBProgressHUD+Addition.swift in Sources */,
				351DD3251F17104B00E90170 /* Bundle+Extension.swift in Sources */,
				3559485F1F3BFEE6008145BB /* JXAddressListController.swift in Sources */,
				351DD30B1F14E1AE00E90170 /* JXAlertView.swift in Sources */,
				35DE9E971F14A917006F271E /* JXRequest.swift in Sources */,
				35DE9E951F14A917006F271E /* JXNetworkManager.swift in Sources */,
				355947A51F2B2836008145BB /* JXDrawViewController.swift in Sources */,
				35CB1FD81FD7C122001EBA33 /* DataManager.swift in Sources */,
				355947A71F2B38C5008145BB /* JXUIKitViewController.swift in Sources */,
				351DD3081F14E1AE00E90170 /* UIImage+Extension.swift in Sources */,
				3514D72B1F204DCC001744DD /* JXLoginViewController.swift in Sources */,
				3514D6861F1DADA9001744DD /* LanguageManager.swift in Sources */,
				351DD31F1F161A7E00E90170 /* JXPhotoBrowserController.swift in Sources */,
				355948671F3C2082008145BB /* JXEditAddressController.swift in Sources */,
				351DD3171F14E70200E90170 /* ProjectHeader.swift in Sources */,
				351DD3051F14E1AE00E90170 /* String+Extension.swift in Sources */,
				351296EF1F9990A5003A08F2 /* JXNavigationBar.swift in Sources */,
				35F7853E1F9F1FC800C77942 /* JXOrderListController.swift in Sources */,
				355948281F346751008145BB /* JXColorView.swift in Sources */,
				35BF03961F45A364004A77E9 /* JXUserInfoViewController.swift in Sources */,
				351DD30F1F14E1AE00E90170 /* JXSelectView.swift in Sources */,
				351DD30C1F14E1AE00E90170 /* JXHorizontalView.swift in Sources */,
				355948651F3C0CF2008145BB /* JXAddressEntity.swift in Sources */,
				35DE9E941F14A917006F271E /* JXNetworkError.swift in Sources */,
				351DD3061F14E1AE00E90170 /* UIBarButtonItem+Extension.swift in Sources */,
				35BF039C1F468C89004A77E9 /* JXUserDB.swift in Sources */,
				35BF038E1F4421FC004A77E9 /* JXDBListViewController.swift in Sources */,
				355947AC1F2B3A95008145BB /* JXImageView.swift in Sources */,
				351DD32B1F17602300E90170 /* JXWkWebViewController.swift in Sources */,
				351DD3271F171F0C00E90170 /* JXAdvertiseView.swift in Sources */,
				35DE9E9B1F14BD6D006F271E /* UserManager.swift in Sources */,
				351DD30D1F14E1AE00E90170 /* JXNoticeView.swift in Sources */,
				3514D65B1F187117001744DD /* UIViewController+Extension.swift in Sources */,
				3514D72C1F204DCC001744DD /* JXBezierViewController.swift in Sources */,
				359750561EE7FB6E00419474 /* JXDefaultView.swift in Sources */,
				351DD3161F14E70200E90170 /* NotificationEnum.swift in Sources */,
				35260D4E1EE697AD001B31A1 /* HomeViewController.swift in Sources */,
				3514D7201F1F0C21001744DD /* UIImageView+Extension.swift in Sources */,
				35BF03911F442221004A77E9 /* JXDBListCell.swift in Sources */,
				351DD3091F14E1AE00E90170 /* UIScreen+Extension.swift in Sources */,
				35260D4F1EE697AD001B31A1 /* MyViewController.swift in Sources */,
				35260D2C1EE696EF001B31A1 /* AppDelegate.swift in Sources */,
				355948591F3BF9F5008145BB /* JXFeedbackViewController.swift in Sources */,
				351DD3101F14E1AE00E90170 /* JXTopBarView.swift in Sources */,
				355948621F3C00B4008145BB /* JXAddressCell.swift in Sources */,
				3597505C1EEA9FF500419474 /* ApiEnum.swift in Sources */,
				35CB1FDC1FD7F89D001EBA33 /* FileManager+Extension.swift in Sources */,
				35260D4D1EE697AD001B31A1 /* FindViewController.swift in Sources */,
				355948731F3C6C28008145BB /* JXAdditionView.swift in Sources */,
				35F785421F9F36EC00C77942 /* JXContactsController.swift in Sources */,
				3514D7301F204E59001744DD /* JXTabBarController.swift in Sources */,
				351DD30A1F14E1AE00E90170 /* UIView+Extension.swift in Sources */,
				35260D491EE697AD001B31A1 /* JXBaseViewController.swift in Sources */,
				355948261F3455C9008145BB /* JXViewManager.swift in Sources */,
				35CB1FE01FD8E5B0001EBA33 /* UserDefaults+Extension.swift in Sources */,
				355947AE1F2B4C45008145BB /* JXStringView.swift in Sources */,
			);
			runOnlyForDeploymentPostprocessing = 0;
		};
/* End PBXSourcesBuildPhase section */

/* Begin PBXVariantGroup section */
		3514D6821F1D9E17001744DD /* Localizable.strings */ = {
			isa = PBXVariantGroup;
			children = (
				3514D6811F1D9E17001744DD /* en */,
				3514D6841F1D9E8A001744DD /* zh-Hans */,
			);
			name = Localizable.strings;
			sourceTree = "<group>";
		};
		35CB1FCE1FD52FA8001EBA33 /* InfoPlist.strings */ = {
			isa = PBXVariantGroup;
			children = (
				35CB1FCD1FD52FA8001EBA33 /* zh-Hans */,
				35CB1FCF1FD52FBB001EBA33 /* en */,
			);
			name = InfoPlist.strings;
			sourceTree = "<group>";
		};
/* End PBXVariantGroup section */

/* Begin XCBuildConfiguration section */
		35260D381EE696EF001B31A1 /* Debug */ = {
			isa = XCBuildConfiguration;
			buildSettings = {
				ALWAYS_SEARCH_USER_PATHS = NO;
				CLANG_ANALYZER_LOCALIZABILITY_NONLOCALIZED = YES;
				CLANG_ANALYZER_NONNULL = YES;
				CLANG_ANALYZER_NUMBER_OBJECT_CONVERSION = YES_AGGRESSIVE;
				CLANG_CXX_LANGUAGE_STANDARD = "gnu++0x";
				CLANG_CXX_LIBRARY = "libc++";
				CLANG_ENABLE_MODULES = YES;
				CLANG_ENABLE_OBJC_ARC = YES;
				CLANG_WARN_BOOL_CONVERSION = YES;
				CLANG_WARN_CONSTANT_CONVERSION = YES;
				CLANG_WARN_DIRECT_OBJC_ISA_USAGE = YES_ERROR;
				CLANG_WARN_DOCUMENTATION_COMMENTS = YES;
				CLANG_WARN_EMPTY_BODY = YES;
				CLANG_WARN_ENUM_CONVERSION = YES;
				CLANG_WARN_INFINITE_RECURSION = YES;
				CLANG_WARN_INT_CONVERSION = YES;
				CLANG_WARN_OBJC_ROOT_CLASS = YES_ERROR;
				CLANG_WARN_SUSPICIOUS_MOVE = YES;
				CLANG_WARN_UNREACHABLE_CODE = YES;
				CLANG_WARN__DUPLICATE_METHOD_MATCH = YES;
				"CODE_SIGN_IDENTITY[sdk=iphoneos*]" = "iPhone Developer";
				COPY_PHASE_STRIP = NO;
				DEBUG_INFORMATION_FORMAT = dwarf;
				ENABLE_STRICT_OBJC_MSGSEND = YES;
				ENABLE_TESTABILITY = YES;
				GCC_C_LANGUAGE_STANDARD = gnu99;
				GCC_DYNAMIC_NO_PIC = NO;
				GCC_NO_COMMON_BLOCKS = YES;
				GCC_OPTIMIZATION_LEVEL = 0;
				GCC_PREPROCESSOR_DEFINITIONS = (
					"DEBUG=1",
					"$(inherited)",
				);
				GCC_WARN_64_TO_32_BIT_CONVERSION = YES;
				GCC_WARN_ABOUT_RETURN_TYPE = YES_ERROR;
				GCC_WARN_UNDECLARED_SELECTOR = YES;
				GCC_WARN_UNINITIALIZED_AUTOS = YES_AGGRESSIVE;
				GCC_WARN_UNUSED_FUNCTION = YES;
				GCC_WARN_UNUSED_VARIABLE = YES;
				IPHONEOS_DEPLOYMENT_TARGET = 10.3;
				MTL_ENABLE_DEBUG_INFO = YES;
				ONLY_ACTIVE_ARCH = YES;
				SDKROOT = iphoneos;
				SWIFT_ACTIVE_COMPILATION_CONDITIONS = DEBUG;
				SWIFT_OPTIMIZATION_LEVEL = "-Onone";
			};
			name = Debug;
		};
		35260D391EE696EF001B31A1 /* Release */ = {
			isa = XCBuildConfiguration;
			buildSettings = {
				ALWAYS_SEARCH_USER_PATHS = NO;
				CLANG_ANALYZER_LOCALIZABILITY_NONLOCALIZED = YES;
				CLANG_ANALYZER_NONNULL = YES;
				CLANG_ANALYZER_NUMBER_OBJECT_CONVERSION = YES_AGGRESSIVE;
				CLANG_CXX_LANGUAGE_STANDARD = "gnu++0x";
				CLANG_CXX_LIBRARY = "libc++";
				CLANG_ENABLE_MODULES = YES;
				CLANG_ENABLE_OBJC_ARC = YES;
				CLANG_WARN_BOOL_CONVERSION = YES;
				CLANG_WARN_CONSTANT_CONVERSION = YES;
				CLANG_WARN_DIRECT_OBJC_ISA_USAGE = YES_ERROR;
				CLANG_WARN_DOCUMENTATION_COMMENTS = YES;
				CLANG_WARN_EMPTY_BODY = YES;
				CLANG_WARN_ENUM_CONVERSION = YES;
				CLANG_WARN_INFINITE_RECURSION = YES;
				CLANG_WARN_INT_CONVERSION = YES;
				CLANG_WARN_OBJC_ROOT_CLASS = YES_ERROR;
				CLANG_WARN_SUSPICIOUS_MOVE = YES;
				CLANG_WARN_UNREACHABLE_CODE = YES;
				CLANG_WARN__DUPLICATE_METHOD_MATCH = YES;
				"CODE_SIGN_IDENTITY[sdk=iphoneos*]" = "iPhone Developer";
				COPY_PHASE_STRIP = NO;
				DEBUG_INFORMATION_FORMAT = "dwarf-with-dsym";
				ENABLE_NS_ASSERTIONS = NO;
				ENABLE_STRICT_OBJC_MSGSEND = YES;
				GCC_C_LANGUAGE_STANDARD = gnu99;
				GCC_NO_COMMON_BLOCKS = YES;
				GCC_WARN_64_TO_32_BIT_CONVERSION = YES;
				GCC_WARN_ABOUT_RETURN_TYPE = YES_ERROR;
				GCC_WARN_UNDECLARED_SELECTOR = YES;
				GCC_WARN_UNINITIALIZED_AUTOS = YES_AGGRESSIVE;
				GCC_WARN_UNUSED_FUNCTION = YES;
				GCC_WARN_UNUSED_VARIABLE = YES;
				IPHONEOS_DEPLOYMENT_TARGET = 10.3;
				MTL_ENABLE_DEBUG_INFO = NO;
				SDKROOT = iphoneos;
				SWIFT_OPTIMIZATION_LEVEL = "-Owholemodule";
				VALIDATE_PRODUCT = YES;
			};
			name = Release;
		};
		35260D3B1EE696EF001B31A1 /* Debug */ = {
			isa = XCBuildConfiguration;
			baseConfigurationReference = 33983F2A219F7DCD75ADBC1E /* Pods-ShoppingGo.debug.xcconfig */;
			buildSettings = {
				ASSETCATALOG_COMPILER_APPICON_NAME = AppIcon;
				ASSETCATALOG_COMPILER_LAUNCHIMAGE_NAME = LaunchImage;
				CLANG_ENABLE_MODULES = YES;
				DEVELOPMENT_TEAM = JD78BK6EHC;
				INFOPLIST_FILE = ShoppingGo/Info.plist;
				IPHONEOS_DEPLOYMENT_TARGET = 8.0;
				LD_RUNPATH_SEARCH_PATHS = "$(inherited) @executable_path/Frameworks";
				PRODUCT_BUNDLE_IDENTIFIER = MySelf.ShoppingGo;
				PRODUCT_NAME = "$(TARGET_NAME)";
				SWIFT_OBJC_BRIDGING_HEADER = "";
				SWIFT_OPTIMIZATION_LEVEL = "-Onone";
				SWIFT_VERSION = 3.0;
			};
			name = Debug;
		};
		35260D3C1EE696EF001B31A1 /* Release */ = {
			isa = XCBuildConfiguration;
			baseConfigurationReference = F5947C9FA650EA55E37E4914 /* Pods-ShoppingGo.release.xcconfig */;
			buildSettings = {
				ASSETCATALOG_COMPILER_APPICON_NAME = AppIcon;
				ASSETCATALOG_COMPILER_LAUNCHIMAGE_NAME = LaunchImage;
				CLANG_ENABLE_MODULES = YES;
				DEVELOPMENT_TEAM = JD78BK6EHC;
				INFOPLIST_FILE = ShoppingGo/Info.plist;
				IPHONEOS_DEPLOYMENT_TARGET = 8.0;
				LD_RUNPATH_SEARCH_PATHS = "$(inherited) @executable_path/Frameworks";
				PRODUCT_BUNDLE_IDENTIFIER = MySelf.ShoppingGo;
				PRODUCT_NAME = "$(TARGET_NAME)";
				SWIFT_OBJC_BRIDGING_HEADER = "";
				SWIFT_VERSION = 3.0;
			};
			name = Release;
		};
/* End XCBuildConfiguration section */

/* Begin XCConfigurationList section */
		35260D231EE696EF001B31A1 /* Build configuration list for PBXProject "ShoppingGo" */ = {
			isa = XCConfigurationList;
			buildConfigurations = (
				35260D381EE696EF001B31A1 /* Debug */,
				35260D391EE696EF001B31A1 /* Release */,
			);
			defaultConfigurationIsVisible = 0;
			defaultConfigurationName = Release;
		};
		35260D3A1EE696EF001B31A1 /* Build configuration list for PBXNativeTarget "ShoppingGo" */ = {
			isa = XCConfigurationList;
			buildConfigurations = (
				35260D3B1EE696EF001B31A1 /* Debug */,
				35260D3C1EE696EF001B31A1 /* Release */,
			);
			defaultConfigurationIsVisible = 0;
			defaultConfigurationName = Release;
		};
/* End XCConfigurationList section */
	};
	rootObject = 35260D201EE696EF001B31A1 /* Project object */;
}
